
Microsoft Visual Studio Solution File, Format Version 12.00
# Visual Studio 15
VisualStudioVersion = 15.0.28307.1401
MinimumVisualStudioVersion = 10.0.40219.1
Project("{FAE04EC0-301F-11D3-BF4B-00C04F79EFBC}") = "Celsius.Fahrenheit", "Teste.Preparacao\Celsius.Fahrenheit.csproj", "{8474AEEB-9C43-4B79-A958-2F64A74A19DA}"
EndProject
Project("{FAE04EC0-301F-11D3-BF4B-00C04F79EFBC}") = "Real.Dolar", "Real.Dolar\Real.Dolar.csproj", "{068FBB84-7824-45E1-9AF7-305D3D01A01B}"
EndProject
Project("{FAE04EC0-301F-11D3-BF4B-00C04F79EFBC}") = "Modulo.Par.Impar", "Modulo.Par.Impar\Modulo.Par.Impar.csproj", "{5294A431-86E2-4CB6-97C5-050A41D70E74}"
EndProject
Project("{FAE04EC0-301F-11D3-BF4B-00C04F79EFBC}") = "IMC", "IMC\IMC.csproj", "{6C85BAD7-D92B-4F9C-BB59-F92DF61D71B0}"
EndProject
Project("{FAE04EC0-301F-11D3-BF4B-00C04F79EFBC}") = "Media", "Media\Media.csproj", "{332FDF96-AF52-4CE5-9907-CE5E11C07619}"
EndProject
Global
	GlobalSection(SolutionConfigurationPlatforms) = preSolution
		Debug|Any CPU = Debug|Any CPU
		Release|Any CPU = Release|Any CPU
	EndGlobalSection
	GlobalSection(ProjectConfigurationPlatforms) = postSolution
		{8474AEEB-9C43-4B79-A958-2F64A74A19DA}.Debug|Any CPU.ActiveCfg = Debug|Any CPU
		{8474AEEB-9C43-4B79-A958-2F64A74A19DA}.Debug|Any CPU.Build.0 = Debug|Any CPU
		{8474AEEB-9C43-4B79-A958-2F64A74A19DA}.Release|Any CPU.ActiveCfg = Release|Any CPU
		{8474AEEB-9C43-4B79-A958-2F64A74A19DA}.Release|Any CPU.Build.0 = Release|Any CPU
		{068FBB84-7824-45E1-9AF7-305D3D01A01B}.Debug|Any CPU.ActiveCfg = Debug|Any CPU
		{068FBB84-7824-45E1-9AF7-305D3D01A01B}.Debug|Any CPU.Build.0 = Debug|Any CPU
		{068FBB84-7824-45E1-9AF7-305D3D01A01B}.Release|Any CPU.ActiveCfg = Release|Any CPU
		{068FBB84-7824-45E1-9AF7-305D3D01A01B}.Release|Any CPU.Build.0 = Release|Any CPU
		{5294A431-86E2-4CB6-97C5-050A41D70E74}.Debug|Any CPU.ActiveCfg = Debug|Any CPU
		{5294A431-86E2-4CB6-97C5-050A41D70E74}.Debug|Any CPU.Build.0 = Debug|Any CPU
		{5294A431-86E2-4CB6-97C5-050A41D70E74}.Release|Any CPU.ActiveCfg = Release|Any CPU
		{5294A431-86E2-4CB6-97C5-050A41D70E74}.Release|Any CPU.Build.0 = Release|Any CPU
		{6C85BAD7-D92B-4F9C-BB59-F92DF61D71B0}.Debug|Any CPU.ActiveCfg = Debug|Any CPU
		{6C85BAD7-D92B-4F9C-BB59-F92DF61D71B0}.Debug|Any CPU.Build.0 = Debug|Any CPU
		{6C85BAD7-D92B-4F9C-BB59-F92DF61D71B0}.Release|Any CPU.ActiveCfg = Release|Any CPU
		{6C85BAD7-D92B-4F9C-BB59-F92DF61D71B0}.Release|Any CPU.Build.0 = Release|Any CPU
		{332FDF96-AF52-4CE5-9907-CE5E11C07619}.Debug|Any CPU.ActiveCfg = Debug|Any CPU
		{332FDF96-AF52-4CE5-9907-CE5E11C07619}.Debug|Any CPU.Build.0 = Debug|Any CPU
		{332FDF96-AF52-4CE5-9907-CE5E11C07619}.Release|Any CPU.ActiveCfg = Release|Any CPU
		{332FDF96-AF52-4CE5-9907-CE5E11C07619}.Release|Any CPU.Build.0 = Release|Any CPU
	EndGlobalSection
	GlobalSection(SolutionProperties) = preSolution
		HideSolutionNode = FALSE
	EndGlobalSection
	GlobalSection(ExtensibilityGlobals) = postSolution
		SolutionGuid = {54DC9E1B-ACCC-486F-A4E1-AB757C471F27}
	EndGlobalSection
EndGlobal
